// !$*UTF8*$!
{
	archiveVersion = 1;
	classes = {
	};
	objectVersion = 55;
	objects = {

/* Begin PBXBuildFile section */
		0FE417C72426012B8C4E8BBA /* Pods_SearchItemsTests.framework in Frameworks */ = {isa = PBXBuildFile; fileRef = 3875F69816633668C8461ED6 /* Pods_SearchItemsTests.framework */; };
		4BFE71873A9BD24D8C014469 /* Pods_SearchItems_SearchItemsUITests.framework in Frameworks */ = {isa = PBXBuildFile; fileRef = 574FC75FD919543559A7740E /* Pods_SearchItems_SearchItemsUITests.framework */; };
		707CD5082734083A00293E35 /* ApiRouter.swift in Sources */ = {isa = PBXBuildFile; fileRef = 707CD5072734083A00293E35 /* ApiRouter.swift */; };
		707CD50A27340AF000293E35 /* ApiError.swift in Sources */ = {isa = PBXBuildFile; fileRef = 707CD50927340AF000293E35 /* ApiError.swift */; };
		707CD50C27340B4100293E35 /* ApiClient.swift in Sources */ = {isa = PBXBuildFile; fileRef = 707CD50B27340B4100293E35 /* ApiClient.swift */; };
		7084F6E22732AB1A006ABEDE /* NewsListViewController.swift in Sources */ = {isa = PBXBuildFile; fileRef = 7084F6E12732AB1A006ABEDE /* NewsListViewController.swift */; };
		7084F6EC2732B124006ABEDE /* NewItemCollectionViewCell.swift in Sources */ = {isa = PBXBuildFile; fileRef = 7084F6EA2732B124006ABEDE /* NewItemCollectionViewCell.swift */; };
		7084F6ED2732B124006ABEDE /* NewItemCollectionViewCell.xib in Resources */ = {isa = PBXBuildFile; fileRef = 7084F6EB2732B124006ABEDE /* NewItemCollectionViewCell.xib */; };
		7084F6F02732B2F4006ABEDE /* NewData.swift in Sources */ = {isa = PBXBuildFile; fileRef = 7084F6EF2732B2F4006ABEDE /* NewData.swift */; };
		7084F6F22732CB81006ABEDE /* Source.swift in Sources */ = {isa = PBXBuildFile; fileRef = 7084F6F12732CB81006ABEDE /* Source.swift */; };
		7084F6F42732CD52006ABEDE /* DataResult.swift in Sources */ = {isa = PBXBuildFile; fileRef = 7084F6F32732CD52006ABEDE /* DataResult.swift */; };
		7084F6F62732D0B4006ABEDE /* NewsListViewModel.swift in Sources */ = {isa = PBXBuildFile; fileRef = 7084F6F52732D0B4006ABEDE /* NewsListViewModel.swift */; };
		7084F6F92732EBE7006ABEDE /* AppConstant.swift in Sources */ = {isa = PBXBuildFile; fileRef = 7084F6F82732EBE7006ABEDE /* AppConstant.swift */; };
		7084F6FD2732FBA3006ABEDE /* NewsDetailsViewController.swift in Sources */ = {isa = PBXBuildFile; fileRef = 7084F6FC2732FBA3006ABEDE /* NewsDetailsViewController.swift */; };
		7084F6FF2732FBBA006ABEDE /* Details.storyboard in Resources */ = {isa = PBXBuildFile; fileRef = 7084F6FE2732FBBA006ABEDE /* Details.storyboard */; };
		70BE984927329D47009238DA /* AppDelegate.swift in Sources */ = {isa = PBXBuildFile; fileRef = 70BE984827329D47009238DA /* AppDelegate.swift */; };
		70BE984B27329D47009238DA /* SceneDelegate.swift in Sources */ = {isa = PBXBuildFile; fileRef = 70BE984A27329D47009238DA /* SceneDelegate.swift */; };
		70BE985027329D47009238DA /* Main.storyboard in Resources */ = {isa = PBXBuildFile; fileRef = 70BE984E27329D47009238DA /* Main.storyboard */; };
		70BE985227329D48009238DA /* Assets.xcassets in Resources */ = {isa = PBXBuildFile; fileRef = 70BE985127329D48009238DA /* Assets.xcassets */; };
		70BE985527329D48009238DA /* LaunchScreen.storyboard in Resources */ = {isa = PBXBuildFile; fileRef = 70BE985327329D48009238DA /* LaunchScreen.storyboard */; };
		70BE986027329D48009238DA /* SearchItemsTests.swift in Sources */ = {isa = PBXBuildFile; fileRef = 70BE985F27329D48009238DA /* SearchItemsTests.swift */; };
		70BE986A27329D48009238DA /* SearchItemsUITests.swift in Sources */ = {isa = PBXBuildFile; fileRef = 70BE986927329D48009238DA /* SearchItemsUITests.swift */; };
		70BE986C27329D48009238DA /* SearchItemsUITestsLaunchTests.swift in Sources */ = {isa = PBXBuildFile; fileRef = 70BE986B27329D48009238DA /* SearchItemsUITestsLaunchTests.swift */; };
		9EF054C4A081BC48148FF4F5 /* Pods_SearchItems.framework in Frameworks */ = {isa = PBXBuildFile; fileRef = 5D4540AB6614DAB2BC104A89 /* Pods_SearchItems.framework */; };
/* End PBXBuildFile section */

/* Begin PBXContainerItemProxy section */
		70BE985C27329D48009238DA /* PBXContainerItemProxy */ = {
			isa = PBXContainerItemProxy;
			containerPortal = 70BE983D27329D46009238DA /* Project object */;
			proxyType = 1;
			remoteGlobalIDString = 70BE984427329D46009238DA;
			remoteInfo = SearchItems;
		};
		70BE986627329D48009238DA /* PBXContainerItemProxy */ = {
			isa = PBXContainerItemProxy;
			containerPortal = 70BE983D27329D46009238DA /* Project object */;
			proxyType = 1;
			remoteGlobalIDString = 70BE984427329D46009238DA;
			remoteInfo = SearchItems;
		};
/* End PBXContainerItemProxy section */

/* Begin PBXFileReference section */
		0EC8ABA7774D843351722043 /* Pods-SearchItemsTests.debug.xcconfig */ = {isa = PBXFileReference; includeInIndex = 1; lastKnownFileType = text.xcconfig; name = "Pods-SearchItemsTests.debug.xcconfig"; path = "Target Support Files/Pods-SearchItemsTests/Pods-SearchItemsTests.debug.xcconfig"; sourceTree = "<group>"; };
		204F186D1D39990E21D4F253 /* Pods-SearchItems-SearchItemsUITests.debug.xcconfig */ = {isa = PBXFileReference; includeInIndex = 1; lastKnownFileType = text.xcconfig; name = "Pods-SearchItems-SearchItemsUITests.debug.xcconfig"; path = "Target Support Files/Pods-SearchItems-SearchItemsUITests/Pods-SearchItems-SearchItemsUITests.debug.xcconfig"; sourceTree = "<group>"; };
		3875F69816633668C8461ED6 /* Pods_SearchItemsTests.framework */ = {isa = PBXFileReference; explicitFileType = wrapper.framework; includeInIndex = 0; path = Pods_SearchItemsTests.framework; sourceTree = BUILT_PRODUCTS_DIR; };
		574FC75FD919543559A7740E /* Pods_SearchItems_SearchItemsUITests.framework */ = {isa = PBXFileReference; explicitFileType = wrapper.framework; includeInIndex = 0; path = Pods_SearchItems_SearchItemsUITests.framework; sourceTree = BUILT_PRODUCTS_DIR; };
		5D4540AB6614DAB2BC104A89 /* Pods_SearchItems.framework */ = {isa = PBXFileReference; explicitFileType = wrapper.framework; includeInIndex = 0; path = Pods_SearchItems.framework; sourceTree = BUILT_PRODUCTS_DIR; };
		692B4AB17DCF96026FD3CA4F /* Pods-SearchItems.release.xcconfig */ = {isa = PBXFileReference; includeInIndex = 1; lastKnownFileType = text.xcconfig; name = "Pods-SearchItems.release.xcconfig"; path = "Target Support Files/Pods-SearchItems/Pods-SearchItems.release.xcconfig"; sourceTree = "<group>"; };
		707CD5072734083A00293E35 /* ApiRouter.swift */ = {isa = PBXFileReference; lastKnownFileType = sourcecode.swift; path = ApiRouter.swift; sourceTree = "<group>"; };
		707CD50927340AF000293E35 /* ApiError.swift */ = {isa = PBXFileReference; lastKnownFileType = sourcecode.swift; path = ApiError.swift; sourceTree = "<group>"; };
		707CD50B27340B4100293E35 /* ApiClient.swift */ = {isa = PBXFileReference; lastKnownFileType = sourcecode.swift; path = ApiClient.swift; sourceTree = "<group>"; };
		7084F6E12732AB1A006ABEDE /* NewsListViewController.swift */ = {isa = PBXFileReference; lastKnownFileType = sourcecode.swift; path = NewsListViewController.swift; sourceTree = "<group>"; };
		7084F6EA2732B124006ABEDE /* NewItemCollectionViewCell.swift */ = {isa = PBXFileReference; lastKnownFileType = sourcecode.swift; path = NewItemCollectionViewCell.swift; sourceTree = "<group>"; };
		7084F6EB2732B124006ABEDE /* NewItemCollectionViewCell.xib */ = {isa = PBXFileReference; lastKnownFileType = file.xib; path = NewItemCollectionViewCell.xib; sourceTree = "<group>"; };
		7084F6EF2732B2F4006ABEDE /* NewData.swift */ = {isa = PBXFileReference; lastKnownFileType = sourcecode.swift; path = NewData.swift; sourceTree = "<group>"; };
		7084F6F12732CB81006ABEDE /* Source.swift */ = {isa = PBXFileReference; lastKnownFileType = sourcecode.swift; path = Source.swift; sourceTree = "<group>"; };
		7084F6F32732CD52006ABEDE /* DataResult.swift */ = {isa = PBXFileReference; lastKnownFileType = sourcecode.swift; path = DataResult.swift; sourceTree = "<group>"; };
		7084F6F52732D0B4006ABEDE /* NewsListViewModel.swift */ = {isa = PBXFileReference; lastKnownFileType = sourcecode.swift; path = NewsListViewModel.swift; sourceTree = "<group>"; };
		7084F6F82732EBE7006ABEDE /* AppConstant.swift */ = {isa = PBXFileReference; lastKnownFileType = sourcecode.swift; path = AppConstant.swift; sourceTree = "<group>"; };
		7084F6FC2732FBA3006ABEDE /* NewsDetailsViewController.swift */ = {isa = PBXFileReference; lastKnownFileType = sourcecode.swift; path = NewsDetailsViewController.swift; sourceTree = "<group>"; };
		7084F6FE2732FBBA006ABEDE /* Details.storyboard */ = {isa = PBXFileReference; lastKnownFileType = file.storyboard; path = Details.storyboard; sourceTree = "<group>"; };
		70BE984527329D46009238DA /* SearchItems.app */ = {isa = PBXFileReference; explicitFileType = wrapper.application; includeInIndex = 0; path = SearchItems.app; sourceTree = BUILT_PRODUCTS_DIR; };
		70BE984827329D47009238DA /* AppDelegate.swift */ = {isa = PBXFileReference; lastKnownFileType = sourcecode.swift; path = AppDelegate.swift; sourceTree = "<group>"; };
		70BE984A27329D47009238DA /* SceneDelegate.swift */ = {isa = PBXFileReference; lastKnownFileType = sourcecode.swift; path = SceneDelegate.swift; sourceTree = "<group>"; };
		70BE984F27329D47009238DA /* Base */ = {isa = PBXFileReference; lastKnownFileType = file.storyboard; name = Base; path = Base.lproj/Main.storyboard; sourceTree = "<group>"; };
		70BE985127329D48009238DA /* Assets.xcassets */ = {isa = PBXFileReference; lastKnownFileType = folder.assetcatalog; path = Assets.xcassets; sourceTree = "<group>"; };
		70BE985427329D48009238DA /* Base */ = {isa = PBXFileReference; lastKnownFileType = file.storyboard; name = Base; path = Base.lproj/LaunchScreen.storyboard; sourceTree = "<group>"; };
		70BE985627329D48009238DA /* Info.plist */ = {isa = PBXFileReference; lastKnownFileType = text.plist.xml; path = Info.plist; sourceTree = "<group>"; };
		70BE985B27329D48009238DA /* SearchItemsTests.xctest */ = {isa = PBXFileReference; explicitFileType = wrapper.cfbundle; includeInIndex = 0; path = SearchItemsTests.xctest; sourceTree = BUILT_PRODUCTS_DIR; };
		70BE985F27329D48009238DA /* SearchItemsTests.swift */ = {isa = PBXFileReference; lastKnownFileType = sourcecode.swift; path = SearchItemsTests.swift; sourceTree = "<group>"; };
		70BE986527329D48009238DA /* SearchItemsUITests.xctest */ = {isa = PBXFileReference; explicitFileType = wrapper.cfbundle; includeInIndex = 0; path = SearchItemsUITests.xctest; sourceTree = BUILT_PRODUCTS_DIR; };
		70BE986927329D48009238DA /* SearchItemsUITests.swift */ = {isa = PBXFileReference; lastKnownFileType = sourcecode.swift; path = SearchItemsUITests.swift; sourceTree = "<group>"; };
		70BE986B27329D48009238DA /* SearchItemsUITestsLaunchTests.swift */ = {isa = PBXFileReference; lastKnownFileType = sourcecode.swift; path = SearchItemsUITestsLaunchTests.swift; sourceTree = "<group>"; };
		A1755E2C72776F2293FAAB85 /* Pods-SearchItemsTests.release.xcconfig */ = {isa = PBXFileReference; includeInIndex = 1; lastKnownFileType = text.xcconfig; name = "Pods-SearchItemsTests.release.xcconfig"; path = "Target Support Files/Pods-SearchItemsTests/Pods-SearchItemsTests.release.xcconfig"; sourceTree = "<group>"; };
		EECBFA29E345107C199342C3 /* Pods-SearchItems-SearchItemsUITests.release.xcconfig */ = {isa = PBXFileReference; includeInIndex = 1; lastKnownFileType = text.xcconfig; name = "Pods-SearchItems-SearchItemsUITests.release.xcconfig"; path = "Target Support Files/Pods-SearchItems-SearchItemsUITests/Pods-SearchItems-SearchItemsUITests.release.xcconfig"; sourceTree = "<group>"; };
		F55C8DBD248D45D150DBE7B7 /* Pods-SearchItems.debug.xcconfig */ = {isa = PBXFileReference; includeInIndex = 1; lastKnownFileType = text.xcconfig; name = "Pods-SearchItems.debug.xcconfig"; path = "Target Support Files/Pods-SearchItems/Pods-SearchItems.debug.xcconfig"; sourceTree = "<group>"; };
/* End PBXFileReference section */

/* Begin PBXFrameworksBuildPhase section */
		70BE984227329D46009238DA /* Frameworks */ = {
			isa = PBXFrameworksBuildPhase;
			buildActionMask = 2147483647;
			files = (
				9EF054C4A081BC48148FF4F5 /* Pods_SearchItems.framework in Frameworks */,
			);
			runOnlyForDeploymentPostprocessing = 0;
		};
		70BE985827329D48009238DA /* Frameworks */ = {
			isa = PBXFrameworksBuildPhase;
			buildActionMask = 2147483647;
			files = (
				0FE417C72426012B8C4E8BBA /* Pods_SearchItemsTests.framework in Frameworks */,
			);
			runOnlyForDeploymentPostprocessing = 0;
		};
		70BE986227329D48009238DA /* Frameworks */ = {
			isa = PBXFrameworksBuildPhase;
			buildActionMask = 2147483647;
			files = (
				4BFE71873A9BD24D8C014469 /* Pods_SearchItems_SearchItemsUITests.framework in Frameworks */,
			);
			runOnlyForDeploymentPostprocessing = 0;
		};
/* End PBXFrameworksBuildPhase section */

/* Begin PBXGroup section */
		232AFE6F50013BD918218E11 /* Pods */ = {
			isa = PBXGroup;
			children = (
				F55C8DBD248D45D150DBE7B7 /* Pods-SearchItems.debug.xcconfig */,
				692B4AB17DCF96026FD3CA4F /* Pods-SearchItems.release.xcconfig */,
				204F186D1D39990E21D4F253 /* Pods-SearchItems-SearchItemsUITests.debug.xcconfig */,
				EECBFA29E345107C199342C3 /* Pods-SearchItems-SearchItemsUITests.release.xcconfig */,
				0EC8ABA7774D843351722043 /* Pods-SearchItemsTests.debug.xcconfig */,
				A1755E2C72776F2293FAAB85 /* Pods-SearchItemsTests.release.xcconfig */,
			);
			path = Pods;
			sourceTree = "<group>";
		};
		30722D153D1A171C69094AA2 /* Frameworks */ = {
			isa = PBXGroup;
			children = (
				5D4540AB6614DAB2BC104A89 /* Pods_SearchItems.framework */,
				574FC75FD919543559A7740E /* Pods_SearchItems_SearchItemsUITests.framework */,
				3875F69816633668C8461ED6 /* Pods_SearchItemsTests.framework */,
			);
			name = Frameworks;
			sourceTree = "<group>";
		};
		707CD5192734430A00293E35 /* Newtwork */ = {
			isa = PBXGroup;
			children = (
				707CD5072734083A00293E35 /* ApiRouter.swift */,
				707CD50927340AF000293E35 /* ApiError.swift */,
				707CD50B27340B4100293E35 /* ApiClient.swift */,
			);
			path = Newtwork;
			sourceTree = "<group>";
		};
		7084F6E32732B083006ABEDE /* News */ = {
			isa = PBXGroup;
			children = (
				7084F6E62732B0B9006ABEDE /* ViewModel */,
				7084F6E52732B0A6006ABEDE /* View */,
			);
			path = News;
			sourceTree = "<group>";
		};
		7084F6E42732B093006ABEDE /* NewsDetails */ = {
			isa = PBXGroup;
			children = (
				7084F6FB2732FB7E006ABEDE /* ViewModel */,
				7084F6FA2732FB76006ABEDE /* View */,
			);
			path = NewsDetails;
			sourceTree = "<group>";
		};
		7084F6E52732B0A6006ABEDE /* View */ = {
			isa = PBXGroup;
			children = (
				7084F6E72732B0DA006ABEDE /* Cells */,
				7084F6E12732AB1A006ABEDE /* NewsListViewController.swift */,
				70BE984E27329D47009238DA /* Main.storyboard */,
			);
			path = View;
			sourceTree = "<group>";
		};
		7084F6E62732B0B9006ABEDE /* ViewModel */ = {
			isa = PBXGroup;
			children = (
				7084F6F52732D0B4006ABEDE /* NewsListViewModel.swift */,
			);
			path = ViewModel;
			sourceTree = "<group>";
		};
		7084F6E72732B0DA006ABEDE /* Cells */ = {
			isa = PBXGroup;
			children = (
				7084F6EA2732B124006ABEDE /* NewItemCollectionViewCell.swift */,
				7084F6EB2732B124006ABEDE /* NewItemCollectionViewCell.xib */,
			);
			path = Cells;
			sourceTree = "<group>";
		};
		7084F6EE2732B2CF006ABEDE /* Model */ = {
			isa = PBXGroup;
			children = (
				7084F6EF2732B2F4006ABEDE /* NewData.swift */,
				7084F6F12732CB81006ABEDE /* Source.swift */,
				7084F6F32732CD52006ABEDE /* DataResult.swift */,
			);
			path = Model;
			sourceTree = "<group>";
		};
		7084F6F72732EBD7006ABEDE /* Utilities */ = {
			isa = PBXGroup;
			children = (
				7084F6F82732EBE7006ABEDE /* AppConstant.swift */,
			);
			path = Utilities;
			sourceTree = "<group>";
		};
		7084F6FA2732FB76006ABEDE /* View */ = {
			isa = PBXGroup;
			children = (
				7084F6FC2732FBA3006ABEDE /* NewsDetailsViewController.swift */,
				7084F6FE2732FBBA006ABEDE /* Details.storyboard */,
			);
			path = View;
			sourceTree = "<group>";
		};
		7084F6FB2732FB7E006ABEDE /* ViewModel */ = {
			isa = PBXGroup;
			children = (
			);
			path = ViewModel;
			sourceTree = "<group>";
		};
		70BE983C27329D46009238DA = {
			isa = PBXGroup;
			children = (
				70BE984727329D46009238DA /* SearchItems */,
				70BE985E27329D48009238DA /* SearchItemsTests */,
				70BE986827329D48009238DA /* SearchItemsUITests */,
				70BE984627329D46009238DA /* Products */,
				232AFE6F50013BD918218E11 /* Pods */,
				30722D153D1A171C69094AA2 /* Frameworks */,
			);
			sourceTree = "<group>";
		};
		70BE984627329D46009238DA /* Products */ = {
			isa = PBXGroup;
			children = (
				70BE984527329D46009238DA /* SearchItems.app */,
				70BE985B27329D48009238DA /* SearchItemsTests.xctest */,
				70BE986527329D48009238DA /* SearchItemsUITests.xctest */,
			);
			name = Products;
			sourceTree = "<group>";
		};
		70BE984727329D46009238DA /* SearchItems */ = {
			isa = PBXGroup;
			children = (
				707CD5192734430A00293E35 /* Newtwork */,
				7084F6E32732B083006ABEDE /* News */,
				7084F6E42732B093006ABEDE /* NewsDetails */,
				7084F6EE2732B2CF006ABEDE /* Model */,
				7084F6F72732EBD7006ABEDE /* Utilities */,
				70BE984827329D47009238DA /* AppDelegate.swift */,
				70BE984A27329D47009238DA /* SceneDelegate.swift */,
				70BE985127329D48009238DA /* Assets.xcassets */,
				70BE985327329D48009238DA /* LaunchScreen.storyboard */,
				70BE985627329D48009238DA /* Info.plist */,
			);
			path = SearchItems;
			sourceTree = "<group>";
		};
		70BE985E27329D48009238DA /* SearchItemsTests */ = {
			isa = PBXGroup;
			children = (
				70BE985F27329D48009238DA /* SearchItemsTests.swift */,
			);
			path = SearchItemsTests;
			sourceTree = "<group>";
		};
		70BE986827329D48009238DA /* SearchItemsUITests */ = {
			isa = PBXGroup;
			children = (
				70BE986927329D48009238DA /* SearchItemsUITests.swift */,
				70BE986B27329D48009238DA /* SearchItemsUITestsLaunchTests.swift */,
			);
			path = SearchItemsUITests;
			sourceTree = "<group>";
		};
/* End PBXGroup section */

/* Begin PBXNativeTarget section */
		70BE984427329D46009238DA /* SearchItems */ = {
			isa = PBXNativeTarget;
			buildConfigurationList = 70BE986F27329D48009238DA /* Build configuration list for PBXNativeTarget "SearchItems" */;
			buildPhases = (
				A422EDC3523CAE681BBEE3D0 /* [CP] Check Pods Manifest.lock */,
				70BE984127329D46009238DA /* Sources */,
				70BE984227329D46009238DA /* Frameworks */,
				70BE984327329D46009238DA /* Resources */,
				32B333A2CADBBC1B7CB71818 /* [CP] Embed Pods Frameworks */,
			);
			buildRules = (
			);
			dependencies = (
			);
			name = SearchItems;
			productName = SearchItems;
			productReference = 70BE984527329D46009238DA /* SearchItems.app */;
			productType = "com.apple.product-type.application";
		};
		70BE985A27329D48009238DA /* SearchItemsTests */ = {
			isa = PBXNativeTarget;
			buildConfigurationList = 70BE987227329D48009238DA /* Build configuration list for PBXNativeTarget "SearchItemsTests" */;
			buildPhases = (
				856E721941DFAC9EE1168C91 /* [CP] Check Pods Manifest.lock */,
				70BE985727329D48009238DA /* Sources */,
				70BE985827329D48009238DA /* Frameworks */,
				70BE985927329D48009238DA /* Resources */,
			);
			buildRules = (
			);
			dependencies = (
				70BE985D27329D48009238DA /* PBXTargetDependency */,
			);
			name = SearchItemsTests;
			productName = SearchItemsTests;
			productReference = 70BE985B27329D48009238DA /* SearchItemsTests.xctest */;
			productType = "com.apple.product-type.bundle.unit-test";
		};
		70BE986427329D48009238DA /* SearchItemsUITests */ = {
			isa = PBXNativeTarget;
			buildConfigurationList = 70BE987527329D48009238DA /* Build configuration list for PBXNativeTarget "SearchItemsUITests" */;
			buildPhases = (
				31EC908928F0228E8457736D /* [CP] Check Pods Manifest.lock */,
				70BE986127329D48009238DA /* Sources */,
				70BE986227329D48009238DA /* Frameworks */,
				70BE986327329D48009238DA /* Resources */,
				F6A3B973176C97643F4D0514 /* [CP] Embed Pods Frameworks */,
			);
			buildRules = (
			);
			dependencies = (
				70BE986727329D48009238DA /* PBXTargetDependency */,
			);
			name = SearchItemsUITests;
			productName = SearchItemsUITests;
			productReference = 70BE986527329D48009238DA /* SearchItemsUITests.xctest */;
			productType = "com.apple.product-type.bundle.ui-testing";
		};
/* End PBXNativeTarget section */

/* Begin PBXProject section */
		70BE983D27329D46009238DA /* Project object */ = {
			isa = PBXProject;
			attributes = {
				BuildIndependentTargetsInParallel = 1;
				LastSwiftUpdateCheck = 1300;
				LastUpgradeCheck = 1300;
				TargetAttributes = {
					70BE984427329D46009238DA = {
						CreatedOnToolsVersion = 13.0;
					};
					70BE985A27329D48009238DA = {
						CreatedOnToolsVersion = 13.0;
						TestTargetID = 70BE984427329D46009238DA;
					};
					70BE986427329D48009238DA = {
						CreatedOnToolsVersion = 13.0;
						TestTargetID = 70BE984427329D46009238DA;
					};
				};
			};
			buildConfigurationList = 70BE984027329D46009238DA /* Build configuration list for PBXProject "SearchItems" */;
			compatibilityVersion = "Xcode 13.0";
			developmentRegion = en;
			hasScannedForEncodings = 0;
			knownRegions = (
				en,
				Base,
			);
			mainGroup = 70BE983C27329D46009238DA;
			productRefGroup = 70BE984627329D46009238DA /* Products */;
			projectDirPath = "";
			projectRoot = "";
			targets = (
				70BE984427329D46009238DA /* SearchItems */,
				70BE985A27329D48009238DA /* SearchItemsTests */,
				70BE986427329D48009238DA /* SearchItemsUITests */,
			);
		};
/* End PBXProject section */

/* Begin PBXResourcesBuildPhase section */
		70BE984327329D46009238DA /* Resources */ = {
			isa = PBXResourcesBuildPhase;
			buildActionMask = 2147483647;
			files = (
				7084F6FF2732FBBA006ABEDE /* Details.storyboard in Resources */,
				70BE985527329D48009238DA /* LaunchScreen.storyboard in Resources */,
				70BE985227329D48009238DA /* Assets.xcassets in Resources */,
				7084F6ED2732B124006ABEDE /* NewItemCollectionViewCell.xib in Resources */,
				70BE985027329D47009238DA /* Main.storyboard in Resources */,
			);
			runOnlyForDeploymentPostprocessing = 0;
		};
		70BE985927329D48009238DA /* Resources */ = {
			isa = PBXResourcesBuildPhase;
			buildActionMask = 2147483647;
			files = (
			);
			runOnlyForDeploymentPostprocessing = 0;
		};
		70BE986327329D48009238DA /* Resources */ = {
			isa = PBXResourcesBuildPhase;
			buildActionMask = 2147483647;
			files = (
			);
			runOnlyForDeploymentPostprocessing = 0;
		};
/* End PBXResourcesBuildPhase section */

/* Begin PBXShellScriptBuildPhase section */
		31EC908928F0228E8457736D /* [CP] Check Pods Manifest.lock */ = {
			isa = PBXShellScriptBuildPhase;
			buildActionMask = 2147483647;
			files = (
			);
			inputFileListPaths = (
			);
			inputPaths = (
				"${PODS_PODFILE_DIR_PATH}/Podfile.lock",
				"${PODS_ROOT}/Manifest.lock",
			);
			name = "[CP] Check Pods Manifest.lock";
			outputFileListPaths = (
			);
			outputPaths = (
				"$(DERIVED_FILE_DIR)/Pods-SearchItems-SearchItemsUITests-checkManifestLockResult.txt",
			);
			runOnlyForDeploymentPostprocessing = 0;
			shellPath = /bin/sh;
			shellScript = "diff \"${PODS_PODFILE_DIR_PATH}/Podfile.lock\" \"${PODS_ROOT}/Manifest.lock\" > /dev/null\nif [ $? != 0 ] ; then\n    # print error to STDERR\n    echo \"error: The sandbox is not in sync with the Podfile.lock. Run 'pod install' or update your CocoaPods installation.\" >&2\n    exit 1\nfi\n# This output is used by Xcode 'outputs' to avoid re-running this script phase.\necho \"SUCCESS\" > \"${SCRIPT_OUTPUT_FILE_0}\"\n";
			showEnvVarsInLog = 0;
		};
		32B333A2CADBBC1B7CB71818 /* [CP] Embed Pods Frameworks */ = {
			isa = PBXShellScriptBuildPhase;
			buildActionMask = 2147483647;
			files = (
			);
			inputFileListPaths = (
				"${PODS_ROOT}/Target Support Files/Pods-SearchItems/Pods-SearchItems-frameworks-${CONFIGURATION}-input-files.xcfilelist",
			);
			name = "[CP] Embed Pods Frameworks";
			outputFileListPaths = (
				"${PODS_ROOT}/Target Support Files/Pods-SearchItems/Pods-SearchItems-frameworks-${CONFIGURATION}-output-files.xcfilelist",
			);
			runOnlyForDeploymentPostprocessing = 0;
			shellPath = /bin/sh;
			shellScript = "\"${PODS_ROOT}/Target Support Files/Pods-SearchItems/Pods-SearchItems-frameworks.sh\"\n";
			showEnvVarsInLog = 0;
		};
		856E721941DFAC9EE1168C91 /* [CP] Check Pods Manifest.lock */ = {
			isa = PBXShellScriptBuildPhase;
			buildActionMask = 2147483647;
			files = (
			);
			inputFileListPaths = (
			);
			inputPaths = (
				"${PODS_PODFILE_DIR_PATH}/Podfile.lock",
				"${PODS_ROOT}/Manifest.lock",
			);
			name = "[CP] Check Pods Manifest.lock";
			outputFileListPaths = (
			);
			outputPaths = (
				"$(DERIVED_FILE_DIR)/Pods-SearchItemsTests-checkManifestLockResult.txt",
			);
			runOnlyForDeploymentPostprocessing = 0;
			shellPath = /bin/sh;
			shellScript = "diff \"${PODS_PODFILE_DIR_PATH}/Podfile.lock\" \"${PODS_ROOT}/Manifest.lock\" > /dev/null\nif [ $? != 0 ] ; then\n    # print error to STDERR\n    echo \"error: The sandbox is not in sync with the Podfile.lock. Run 'pod install' or update your CocoaPods installation.\" >&2\n    exit 1\nfi\n# This output is used by Xcode 'outputs' to avoid re-running this script phase.\necho \"SUCCESS\" > \"${SCRIPT_OUTPUT_FILE_0}\"\n";
			showEnvVarsInLog = 0;
		};
		A422EDC3523CAE681BBEE3D0 /* [CP] Check Pods Manifest.lock */ = {
			isa = PBXShellScriptBuildPhase;
			buildActionMask = 2147483647;
			files = (
			);
			inputFileListPaths = (
			);
			inputPaths = (
				"${PODS_PODFILE_DIR_PATH}/Podfile.lock",
				"${PODS_ROOT}/Manifest.lock",
			);
			name = "[CP] Check Pods Manifest.lock";
			outputFileListPaths = (
			);
			outputPaths = (
				"$(DERIVED_FILE_DIR)/Pods-SearchItems-checkManifestLockResult.txt",
			);
			runOnlyForDeploymentPostprocessing = 0;
			shellPath = /bin/sh;
			shellScript = "diff \"${PODS_PODFILE_DIR_PATH}/Podfile.lock\" \"${PODS_ROOT}/Manifest.lock\" > /dev/null\nif [ $? != 0 ] ; then\n    # print error to STDERR\n    echo \"error: The sandbox is not in sync with the Podfile.lock. Run 'pod install' or update your CocoaPods installation.\" >&2\n    exit 1\nfi\n# This output is used by Xcode 'outputs' to avoid re-running this script phase.\necho \"SUCCESS\" > \"${SCRIPT_OUTPUT_FILE_0}\"\n";
			showEnvVarsInLog = 0;
		};
		F6A3B973176C97643F4D0514 /* [CP] Embed Pods Frameworks */ = {
			isa = PBXShellScriptBuildPhase;
			buildActionMask = 2147483647;
			files = (
			);
			inputFileListPaths = (
				"${PODS_ROOT}/Target Support Files/Pods-SearchItems-SearchItemsUITests/Pods-SearchItems-SearchItemsUITests-frameworks-${CONFIGURATION}-input-files.xcfilelist",
			);
			name = "[CP] Embed Pods Frameworks";
			outputFileListPaths = (
				"${PODS_ROOT}/Target Support Files/Pods-SearchItems-SearchItemsUITests/Pods-SearchItems-SearchItemsUITests-frameworks-${CONFIGURATION}-output-files.xcfilelist",
			);
			runOnlyForDeploymentPostprocessing = 0;
			shellPath = /bin/sh;
			shellScript = "\"${PODS_ROOT}/Target Support Files/Pods-SearchItems-SearchItemsUITests/Pods-SearchItems-SearchItemsUITests-frameworks.sh\"\n";
			showEnvVarsInLog = 0;
		};
/* End PBXShellScriptBuildPhase section */

/* Begin PBXSourcesBuildPhase section */
		70BE984127329D46009238DA /* Sources */ = {
			isa = PBXSourcesBuildPhase;
			buildActionMask = 2147483647;
			files = (
				7084F6FD2732FBA3006ABEDE /* NewsDetailsViewController.swift in Sources */,
				7084F6F92732EBE7006ABEDE /* AppConstant.swift in Sources */,
				707CD5082734083A00293E35 /* ApiRouter.swift in Sources */,
				7084F6EC2732B124006ABEDE /* NewItemCollectionViewCell.swift in Sources */,
				70BE984927329D47009238DA /* AppDelegate.swift in Sources */,
				707CD50A27340AF000293E35 /* ApiError.swift in Sources */,
				7084F6F22732CB81006ABEDE /* Source.swift in Sources */,
				70BE984B27329D47009238DA /* SceneDelegate.swift in Sources */,
				707CD50C27340B4100293E35 /* ApiClient.swift in Sources */,
				7084F6E22732AB1A006ABEDE /* NewsListViewController.swift in Sources */,
				7084F6F02732B2F4006ABEDE /* NewData.swift in Sources */,
				7084F6F42732CD52006ABEDE /* DataResult.swift in Sources */,
				7084F6F62732D0B4006ABEDE /* NewsListViewModel.swift in Sources */,
			);
			runOnlyForDeploymentPostprocessing = 0;
		};
		70BE985727329D48009238DA /* Sources */ = {
			isa = PBXSourcesBuildPhase;
			buildActionMask = 2147483647;
			files = (
				70BE986027329D48009238DA /* SearchItemsTests.swift in Sources */,
			);
			runOnlyForDeploymentPostprocessing = 0;
		};
		70BE986127329D48009238DA /* Sources */ = {
			isa = PBXSourcesBuildPhase;
			buildActionMask = 2147483647;
			files = (
				70BE986A27329D48009238DA /* SearchItemsUITests.swift in Sources */,
				70BE986C27329D48009238DA /* SearchItemsUITestsLaunchTests.swift in Sources */,
			);
			runOnlyForDeploymentPostprocessing = 0;
		};
/* End PBXSourcesBuildPhase section */

/* Begin PBXTargetDependency section */
		70BE985D27329D48009238DA /* PBXTargetDependency */ = {
			isa = PBXTargetDependency;
			target = 70BE984427329D46009238DA /* SearchItems */;
			targetProxy = 70BE985C27329D48009238DA /* PBXContainerItemProxy */;
		};
		70BE986727329D48009238DA /* PBXTargetDependency */ = {
			isa = PBXTargetDependency;
			target = 70BE984427329D46009238DA /* SearchItems */;
			targetProxy = 70BE986627329D48009238DA /* PBXContainerItemProxy */;
		};
/* End PBXTargetDependency section */

/* Begin PBXVariantGroup section */
		70BE984E27329D47009238DA /* Main.storyboard */ = {
			isa = PBXVariantGroup;
			children = (
				70BE984F27329D47009238DA /* Base */,
			);
			name = Main.storyboard;
			sourceTree = "<group>";
		};
		70BE985327329D48009238DA /* LaunchScreen.storyboard */ = {
			isa = PBXVariantGroup;
			children = (
				70BE985427329D48009238DA /* Base */,
			);
			name = LaunchScreen.storyboard;
			sourceTree = "<group>";
		};
/* End PBXVariantGroup section */

/* Begin XCBuildConfiguration section */
		70BE986D27329D48009238DA /* Debug */ = {
			isa = XCBuildConfiguration;
			buildSettings = {
				ALWAYS_SEARCH_USER_PATHS = NO;
				CLANG_ANALYZER_NONNULL = YES;
				CLANG_ANALYZER_NUMBER_OBJECT_CONVERSION = YES_AGGRESSIVE;
				CLANG_CXX_LANGUAGE_STANDARD = "gnu++17";
				CLANG_CXX_LIBRARY = "libc++";
				CLANG_ENABLE_MODULES = YES;
				CLANG_ENABLE_OBJC_ARC = YES;
				CLANG_ENABLE_OBJC_WEAK = YES;
				CLANG_WARN_BLOCK_CAPTURE_AUTORELEASING = YES;
				CLANG_WARN_BOOL_CONVERSION = YES;
				CLANG_WARN_COMMA = YES;
				CLANG_WARN_CONSTANT_CONVERSION = YES;
				CLANG_WARN_DEPRECATED_OBJC_IMPLEMENTATIONS = YES;
				CLANG_WARN_DIRECT_OBJC_ISA_USAGE = YES_ERROR;
				CLANG_WARN_DOCUMENTATION_COMMENTS = YES;
				CLANG_WARN_EMPTY_BODY = YES;
				CLANG_WARN_ENUM_CONVERSION = YES;
				CLANG_WARN_INFINITE_RECURSION = YES;
				CLANG_WARN_INT_CONVERSION = YES;
				CLANG_WARN_NON_LITERAL_NULL_CONVERSION = YES;
				CLANG_WARN_OBJC_IMPLICIT_RETAIN_SELF = YES;
				CLANG_WARN_OBJC_LITERAL_CONVERSION = YES;
				CLANG_WARN_OBJC_ROOT_CLASS = YES_ERROR;
				CLANG_WARN_QUOTED_INCLUDE_IN_FRAMEWORK_HEADER = YES;
				CLANG_WARN_RANGE_LOOP_ANALYSIS = YES;
				CLANG_WARN_STRICT_PROTOTYPES = YES;
				CLANG_WARN_SUSPICIOUS_MOVE = YES;
				CLANG_WARN_UNGUARDED_AVAILABILITY = YES_AGGRESSIVE;
				CLANG_WARN_UNREACHABLE_CODE = YES;
				CLANG_WARN__DUPLICATE_METHOD_MATCH = YES;
				COPY_PHASE_STRIP = NO;
				DEBUG_INFORMATION_FORMAT = dwarf;
				ENABLE_STRICT_OBJC_MSGSEND = YES;
				ENABLE_TESTABILITY = YES;
				GCC_C_LANGUAGE_STANDARD = gnu11;
				GCC_DYNAMIC_NO_PIC = NO;
				GCC_NO_COMMON_BLOCKS = YES;
				GCC_OPTIMIZATION_LEVEL = 0;
				GCC_PREPROCESSOR_DEFINITIONS = (
					"DEBUG=1",
					"$(inherited)",
				);
				GCC_WARN_64_TO_32_BIT_CONVERSION = YES;
				GCC_WARN_ABOUT_RETURN_TYPE = YES_ERROR;
				GCC_WARN_UNDECLARED_SELECTOR = YES;
				GCC_WARN_UNINITIALIZED_AUTOS = YES_AGGRESSIVE;
				GCC_WARN_UNUSED_FUNCTION = YES;
				GCC_WARN_UNUSED_VARIABLE = YES;
				IPHONEOS_DEPLOYMENT_TARGET = 13.0;
				MTL_ENABLE_DEBUG_INFO = INCLUDE_SOURCE;
				MTL_FAST_MATH = YES;
				ONLY_ACTIVE_ARCH = YES;
				SDKROOT = iphoneos;
				SWIFT_ACTIVE_COMPILATION_CONDITIONS = DEBUG;
				SWIFT_OPTIMIZATION_LEVEL = "-Onone";
			};
			name = Debug;
		};
		70BE986E27329D48009238DA /* Release */ = {
			isa = XCBuildConfiguration;
			buildSettings = {
				ALWAYS_SEARCH_USER_PATHS = NO;
				CLANG_ANALYZER_NONNULL = YES;
				CLANG_ANALYZER_NUMBER_OBJECT_CONVERSION = YES_AGGRESSIVE;
				CLANG_CXX_LANGUAGE_STANDARD = "gnu++17";
				CLANG_CXX_LIBRARY = "libc++";
				CLANG_ENABLE_MODULES = YES;
				CLANG_ENABLE_OBJC_ARC = YES;
				CLANG_ENABLE_OBJC_WEAK = YES;
				CLANG_WARN_BLOCK_CAPTURE_AUTORELEASING = YES;
				CLANG_WARN_BOOL_CONVERSION = YES;
				CLANG_WARN_COMMA = YES;
				CLANG_WARN_CONSTANT_CONVERSION = YES;
				CLANG_WARN_DEPRECATED_OBJC_IMPLEMENTATIONS = YES;
				CLANG_WARN_DIRECT_OBJC_ISA_USAGE = YES_ERROR;
				CLANG_WARN_DOCUMENTATION_COMMENTS = YES;
				CLANG_WARN_EMPTY_BODY = YES;
				CLANG_WARN_ENUM_CONVERSION = YES;
				CLANG_WARN_INFINITE_RECURSION = YES;
				CLANG_WARN_INT_CONVERSION = YES;
				CLANG_WARN_NON_LITERAL_NULL_CONVERSION = YES;
				CLANG_WARN_OBJC_IMPLICIT_RETAIN_SELF = YES;
				CLANG_WARN_OBJC_LITERAL_CONVERSION = YES;
				CLANG_WARN_OBJC_ROOT_CLASS = YES_ERROR;
				CLANG_WARN_QUOTED_INCLUDE_IN_FRAMEWORK_HEADER = YES;
				CLANG_WARN_RANGE_LOOP_ANALYSIS = YES;
				CLANG_WARN_STRICT_PROTOTYPES = YES;
				CLANG_WARN_SUSPICIOUS_MOVE = YES;
				CLANG_WARN_UNGUARDED_AVAILABILITY = YES_AGGRESSIVE;
				CLANG_WARN_UNREACHABLE_CODE = YES;
				CLANG_WARN__DUPLICATE_METHOD_MATCH = YES;
				COPY_PHASE_STRIP = NO;
				DEBUG_INFORMATION_FORMAT = "dwarf-with-dsym";
				ENABLE_NS_ASSERTIONS = NO;
				ENABLE_STRICT_OBJC_MSGSEND = YES;
				GCC_C_LANGUAGE_STANDARD = gnu11;
				GCC_NO_COMMON_BLOCKS = YES;
				GCC_WARN_64_TO_32_BIT_CONVERSION = YES;
				GCC_WARN_ABOUT_RETURN_TYPE = YES_ERROR;
				GCC_WARN_UNDECLARED_SELECTOR = YES;
				GCC_WARN_UNINITIALIZED_AUTOS = YES_AGGRESSIVE;
				GCC_WARN_UNUSED_FUNCTION = YES;
				GCC_WARN_UNUSED_VARIABLE = YES;
				IPHONEOS_DEPLOYMENT_TARGET = 13.0;
				MTL_ENABLE_DEBUG_INFO = NO;
				MTL_FAST_MATH = YES;
				SDKROOT = iphoneos;
				SWIFT_COMPILATION_MODE = wholemodule;
				SWIFT_OPTIMIZATION_LEVEL = "-O";
				VALIDATE_PRODUCT = YES;
			};
			name = Release;
		};
		70BE987027329D48009238DA /* Debug */ = {
			isa = XCBuildConfiguration;
			baseConfigurationReference = F55C8DBD248D45D150DBE7B7 /* Pods-SearchItems.debug.xcconfig */;
			buildSettings = {
				ASSETCATALOG_COMPILER_APPICON_NAME = AppIcon;
				ASSETCATALOG_COMPILER_GLOBAL_ACCENT_COLOR_NAME = AccentColor;
				CODE_SIGN_IDENTITY = "Apple Development";
				CODE_SIGN_STYLE = Automatic;
				CURRENT_PROJECT_VERSION = 1;
				DEVELOPMENT_TEAM = "";
				GENERATE_INFOPLIST_FILE = YES;
				INFOPLIST_FILE = SearchItems/Info.plist;
				INFOPLIST_KEY_UIApplicationSupportsIndirectInputEvents = YES;
				INFOPLIST_KEY_UILaunchStoryboardName = LaunchScreen;
				INFOPLIST_KEY_UIMainStoryboardFile = Main;
				INFOPLIST_KEY_UISupportedInterfaceOrientations_iPad = "UIInterfaceOrientationPortrait UIInterfaceOrientationPortraitUpsideDown UIInterfaceOrientationLandscapeLeft UIInterfaceOrientationLandscapeRight";
				INFOPLIST_KEY_UISupportedInterfaceOrientations_iPhone = "UIInterfaceOrientationPortrait UIInterfaceOrientationLandscapeLeft UIInterfaceOrientationLandscapeRight";
				LD_RUNPATH_SEARCH_PATHS = (
					"$(inherited)",
					"@executable_path/Frameworks",
				);
				MARKETING_VERSION = 1.0;
				PRODUCT_BUNDLE_IDENTIFIER = com.alaa.test;
				PRODUCT_NAME = "$(TARGET_NAME)";
				PROVISIONING_PROFILE_SPECIFIER = "";
				SWIFT_EMIT_LOC_STRINGS = YES;
				SWIFT_VERSION = 5.0;
				TARGETED_DEVICE_FAMILY = "1,2";
			};
			name = Debug;
		};
		70BE987127329D48009238DA /* Release */ = {
			isa = XCBuildConfiguration;
			baseConfigurationReference = 692B4AB17DCF96026FD3CA4F /* Pods-SearchItems.release.xcconfig */;
			buildSettings = {
				ASSETCATALOG_COMPILER_APPICON_NAME = AppIcon;
				ASSETCATALOG_COMPILER_GLOBAL_ACCENT_COLOR_NAME = AccentColor;
				CODE_SIGN_IDENTITY = "Apple Development";
				CODE_SIGN_STYLE = Automatic;
				CURRENT_PROJECT_VERSION = 1;
				DEVELOPMENT_TEAM = "";
				GENERATE_INFOPLIST_FILE = YES;
				INFOPLIST_FILE = SearchItems/Info.plist;
				INFOPLIST_KEY_UIApplicationSupportsIndirectInputEvents = YES;
				INFOPLIST_KEY_UILaunchStoryboardName = LaunchScreen;
				INFOPLIST_KEY_UIMainStoryboardFile = Main;
				INFOPLIST_KEY_UISupportedInterfaceOrientations_iPad = "UIInterfaceOrientationPortrait UIInterfaceOrientationPortraitUpsideDown UIInterfaceOrientationLandscapeLeft UIInterfaceOrientationLandscapeRight";
				INFOPLIST_KEY_UISupportedInterfaceOrientations_iPhone = "UIInterfaceOrientationPortrait UIInterfaceOrientationLandscapeLeft UIInterfaceOrientationLandscapeRight";
				LD_RUNPATH_SEARCH_PATHS = (
					"$(inherited)",
					"@executable_path/Frameworks",
				);
				MARKETING_VERSION = 1.0;
				PRODUCT_BUNDLE_IDENTIFIER = com.alaa.test;
				PRODUCT_NAME = "$(TARGET_NAME)";
				PROVISIONING_PROFILE_SPECIFIER = "";
				SWIFT_EMIT_LOC_STRINGS = YES;
				SWIFT_VERSION = 5.0;
				TARGETED_DEVICE_FAMILY = "1,2";
			};
			name = Release;
		};
		70BE987327329D48009238DA /* Debug */ = {
			isa = XCBuildConfiguration;
			baseConfigurationReference = 0EC8ABA7774D843351722043 /* Pods-SearchItemsTests.debug.xcconfig */;
			buildSettings = {
				ALWAYS_EMBED_SWIFT_STANDARD_LIBRARIES = YES;
				BUNDLE_LOADER = "$(TEST_HOST)";
				CODE_SIGN_STYLE = Automatic;
				CURRENT_PROJECT_VERSION = 1;
				GENERATE_INFOPLIST_FILE = YES;
				IPHONEOS_DEPLOYMENT_TARGET = 15.0;
				LD_RUNPATH_SEARCH_PATHS = (
					"$(inherited)",
					"@executable_path/Frameworks",
					"@loader_path/Frameworks",
				);
				MARKETING_VERSION = 1.0;
				PRODUCT_BUNDLE_IDENTIFIER = com.alaa.test.SearchItemsTests;
				PRODUCT_NAME = "$(TARGET_NAME)";
				SWIFT_EMIT_LOC_STRINGS = NO;
				SWIFT_VERSION = 5.0;
				TARGETED_DEVICE_FAMILY = "1,2";
				TEST_HOST = "$(BUILT_PRODUCTS_DIR)/SearchItems.app/SearchItems";
			};
			name = Debug;
		};
		70BE987427329D48009238DA /* Release */ = {
			isa = XCBuildConfiguration;
			baseConfigurationReference = A1755E2C72776F2293FAAB85 /* Pods-SearchItemsTests.release.xcconfig */;
			buildSettings = {
				ALWAYS_EMBED_SWIFT_STANDARD_LIBRARIES = YES;
				BUNDLE_LOADER = "$(TEST_HOST)";
				CODE_SIGN_STYLE = Automatic;
				CURRENT_PROJECT_VERSION = 1;
				GENERATE_INFOPLIST_FILE = YES;
				IPHONEOS_DEPLOYMENT_TARGET = 15.0;
				LD_RUNPATH_SEARCH_PATHS = (
					"$(inherited)",
					"@executable_path/Frameworks",
					"@loader_path/Frameworks",
				);
				MARKETING_VERSION = 1.0;
				PRODUCT_BUNDLE_IDENTIFIER = com.alaa.test.SearchItemsTests;
				PRODUCT_NAME = "$(TARGET_NAME)";
				SWIFT_EMIT_LOC_STRINGS = NO;
				SWIFT_VERSION = 5.0;
				TARGETED_DEVICE_FAMILY = "1,2";
				TEST_HOST = "$(BUILT_PRODUCTS_DIR)/SearchItems.app/SearchItems";
			};
			name = Release;
		};
		70BE987627329D48009238DA /* Debug */ = {
			isa = XCBuildConfiguration;
			baseConfigurationReference = 204F186D1D39990E21D4F253 /* Pods-SearchItems-SearchItemsUITests.debug.xcconfig */;
			buildSettings = {
				ALWAYS_EMBED_SWIFT_STANDARD_LIBRARIES = YES;
				CODE_SIGN_STYLE = Automatic;
				CURRENT_PROJECT_VERSION = 1;
				GENERATE_INFOPLIST_FILE = YES;
				LD_RUNPATH_SEARCH_PATHS = (
					"$(inherited)",
					"@executable_path/Frameworks",
					"@loader_path/Frameworks",
				);
				MARKETING_VERSION = 1.0;
				PRODUCT_BUNDLE_IDENTIFIER = com.alaa.test.SearchItemsUITests;
				PRODUCT_NAME = "$(TARGET_NAME)";
				SWIFT_EMIT_LOC_STRINGS = NO;
				SWIFT_VERSION = 5.0;
				TARGETED_DEVICE_FAMILY = "1,2";
				TEST_TARGET_NAME = SearchItems;
			};
			name = Debug;
		};
		70BE987727329D48009238DA /* Release */ = {
			isa = XCBuildConfiguration;
			baseConfigurationReference = EECBFA29E345107C199342C3 /* Pods-SearchItems-SearchItemsUITests.release.xcconfig */;
			buildSettings = {
				ALWAYS_EMBED_SWIFT_STANDARD_LIBRARIES = YES;
				CODE_SIGN_STYLE = Automatic;
				CURRENT_PROJECT_VERSION = 1;
				GENERATE_INFOPLIST_FILE = YES;
				LD_RUNPATH_SEARCH_PATHS = (
					"$(inherited)",
					"@executable_path/Frameworks",
					"@loader_path/Frameworks",
				);
				MARKETING_VERSION = 1.0;
				PRODUCT_BUNDLE_IDENTIFIER = com.alaa.test.SearchItemsUITests;
				PRODUCT_NAME = "$(TARGET_NAME)";
				SWIFT_EMIT_LOC_STRINGS = NO;
				SWIFT_VERSION = 5.0;
				TARGETED_DEVICE_FAMILY = "1,2";
				TEST_TARGET_NAME = SearchItems;
			};
			name = Release;
		};
/* End XCBuildConfiguration section */

/* Begin XCConfigurationList section */
		70BE984027329D46009238DA /* Build configuration list for PBXProject "SearchItems" */ = {
			isa = XCConfigurationList;
			buildConfigurations = (
				70BE986D27329D48009238DA /* Debug */,
				70BE986E27329D48009238DA /* Release */,
			);
			defaultConfigurationIsVisible = 0;
			defaultConfigurationName = Release;
		};
		70BE986F27329D48009238DA /* Build configuration list for PBXNativeTarget "SearchItems" */ = {
			isa = XCConfigurationList;
			buildConfigurations = (
				70BE987027329D48009238DA /* Debug */,
				70BE987127329D48009238DA /* Release */,
			);
			defaultConfigurationIsVisible = 0;
			defaultConfigurationName = Release;
		};
		70BE987227329D48009238DA /* Build configuration list for PBXNativeTarget "SearchItemsTests" */ = {
			isa = XCConfigurationList;
			buildConfigurations = (
				70BE987327329D48009238DA /* Debug */,
				70BE987427329D48009238DA /* Release */,
			);
			defaultConfigurationIsVisible = 0;
			defaultConfigurationName = Release;
		};
		70BE987527329D48009238DA /* Build configuration list for PBXNativeTarget "SearchItemsUITests" */ = {
			isa = XCConfigurationList;
			buildConfigurations = (
				70BE987627329D48009238DA /* Debug */,
				70BE987727329D48009238DA /* Release */,
			);
			defaultConfigurationIsVisible = 0;
			defaultConfigurationName = Release;
		};
/* End XCConfigurationList section */
	};
	rootObject = 70BE983D27329D46009238DA /* Project object */;
}
