PODS:
  - Alamofire (5.4.4)
  - Kingfisher (7.1.1)
  - RxCocoa (4.5.0):
    - RxSwift (>= 4.4.2, ~> 4.4)
  - RxSwift (4.5.0)

DEPENDENCIES:
  - Alamofire (~> 5.4)
  - Kingfisher (~> 7.0)
  - RxCocoa (~> 4.0)
  - RxSwift (~> 4.0)

SPEC REPOS:
  https://cdn.cocoapods.org/:
    - Alamofire
    - Kingfisher
    - RxCocoa
    - RxSwift

SPEC CHECKSUMS:
  Alamofire: f3b09a368f1582ab751b3fff5460276e0d2cf5c9
  Kingfisher: f738f9c4a3415823b8e2985d10aa2d6a9f37bc4d
  RxCocoa: cbf70265dc65a981d4ac982e513c10cf23df24a0
  RxSwift: f172070dfd1a93d70a9ab97a5a01166206e1c575

PODFILE CHECKSUM: ac83416d0315ac7b60367d2c62ed1d4bbc56cf97

COCOAPODS: 1.11.2
